// !$*UTF8*$!
{
	archiveVersion = 1;
	classes = {
	};
	objectVersion = 46;
	objects = {

/* Begin PBXBuildFile section */
		011E94771E97D46D00FE6CE2 /* main.m in Sources */ = {isa = PBXBuildFile; fileRef = 011E94761E97D46D00FE6CE2 /* main.m */; };
		011E947A1E97D46D00FE6CE2 /* AppDelegate.m in Sources */ = {isa = PBXBuildFile; fileRef = 011E94791E97D46D00FE6CE2 /* AppDelegate.m */; };
		011E94801E97D46D00FE6CE2 /* Main.storyboard in Resources */ = {isa = PBXBuildFile; fileRef = 011E947E1E97D46D00FE6CE2 /* Main.storyboard */; };
		011E94821E97D46D00FE6CE2 /* Assets.xcassets in Resources */ = {isa = PBXBuildFile; fileRef = 011E94811E97D46D00FE6CE2 /* Assets.xcassets */; };
		011E94851E97D46D00FE6CE2 /* LaunchScreen.storyboard in Resources */ = {isa = PBXBuildFile; fileRef = 011E94831E97D46D00FE6CE2 /* LaunchScreen.storyboard */; };
		011E94921E97D4F500FE6CE2 /* ViewController.m in Sources */ = {isa = PBXBuildFile; fileRef = 011E94911E97D4F500FE6CE2 /* ViewController.m */; };
		0168493A1E9A88E900815F48 /* AlertController.m in Sources */ = {isa = PBXBuildFile; fileRef = 016849371E9A88E900815F48 /* AlertController.m */; };
		0168493B1E9A88E900815F48 /* FrankAlertActionSheetView.m in Sources */ = {isa = PBXBuildFile; fileRef = 016849391E9A88E900815F48 /* FrankAlertActionSheetView.m */; };
/* End PBXBuildFile section */

/* Begin PBXFileReference section */
		011E94721E97D46D00FE6CE2 /* FrankAlertActionSheetView.app */ = {isa = PBXFileReference; explicitFileType = wrapper.application; includeInIndex = 0; path = FrankAlertActionSheetView.app; sourceTree = BUILT_PRODUCTS_DIR; };
		011E94761E97D46D00FE6CE2 /* main.m */ = {isa = PBXFileReference; lastKnownFileType = sourcecode.c.objc; path = main.m; sourceTree = "<group>"; };
		011E94781E97D46D00FE6CE2 /* AppDelegate.h */ = {isa = PBXFileReference; lastKnownFileType = sourcecode.c.h; path = AppDelegate.h; sourceTree = "<group>"; };
		011E94791E97D46D00FE6CE2 /* AppDelegate.m */ = {isa = PBXFileReference; lastKnownFileType = sourcecode.c.objc; path = AppDelegate.m; sourceTree = "<group>"; };
		011E947F1E97D46D00FE6CE2 /* Base */ = {isa = PBXFileReference; lastKnownFileType = file.storyboard; name = Base; path = Base.lproj/Main.storyboard; sourceTree = "<group>"; };
		011E94811E97D46D00FE6CE2 /* Assets.xcassets */ = {isa = PBXFileReference; lastKnownFileType = folder.assetcatalog; path = Assets.xcassets; sourceTree = "<group>"; };
		011E94841E97D46D00FE6CE2 /* Base */ = {isa = PBXFileReference; lastKnownFileType = file.storyboard; name = Base; path = Base.lproj/LaunchScreen.storyboard; sourceTree = "<group>"; };
		011E94861E97D46D00FE6CE2 /* Info.plist */ = {isa = PBXFileReference; lastKnownFileType = text.plist.xml; path = Info.plist; sourceTree = "<group>"; };
		011E94901E97D4F500FE6CE2 /* ViewController.h */ = {isa = PBXFileReference; fileEncoding = 4; lastKnownFileType = sourcecode.c.h; path = ViewController.h; sourceTree = "<group>"; };
		011E94911E97D4F500FE6CE2 /* ViewController.m */ = {isa = PBXFileReference; fileEncoding = 4; lastKnownFileType = sourcecode.c.objc; path = ViewController.m; sourceTree = "<group>"; };
		016849361E9A88E900815F48 /* AlertController.h */ = {isa = PBXFileReference; fileEncoding = 4; lastKnownFileType = sourcecode.c.h; path = AlertController.h; sourceTree = "<group>"; };
		016849371E9A88E900815F48 /* AlertController.m */ = {isa = PBXFileReference; fileEncoding = 4; lastKnownFileType = sourcecode.c.objc; path = AlertController.m; sourceTree = "<group>"; };
		016849381E9A88E900815F48 /* FrankAlertActionSheetView.h */ = {isa = PBXFileReference; fileEncoding = 4; lastKnownFileType = sourcecode.c.h; path = FrankAlertActionSheetView.h; sourceTree = "<group>"; };
		016849391E9A88E900815F48 /* FrankAlertActionSheetView.m */ = {isa = PBXFileReference; fileEncoding = 4; lastKnownFileType = sourcecode.c.objc; path = FrankAlertActionSheetView.m; sourceTree = "<group>"; };
/* End PBXFileReference section */

/* Begin PBXFrameworksBuildPhase section */
		011E946F1E97D46D00FE6CE2 /* Frameworks */ = {
			isa = PBXFrameworksBuildPhase;
			buildActionMask = 2147483647;
			files = (
			);
			runOnlyForDeploymentPostprocessing = 0;
		};
/* End PBXFrameworksBuildPhase section */

/* Begin PBXGroup section */
		011E94691E97D46D00FE6CE2 = {
			isa = PBXGroup;
			children = (
				011E94741E97D46D00FE6CE2 /* FrankAlertActionSheetView */,
				011E94731E97D46D00FE6CE2 /* Products */,
			);
			sourceTree = "<group>";
		};
		011E94731E97D46D00FE6CE2 /* Products */ = {
			isa = PBXGroup;
			children = (
				011E94721E97D46D00FE6CE2 /* FrankAlertActionSheetView.app */,
			);
			name = Products;
			sourceTree = "<group>";
		};
		011E94741E97D46D00FE6CE2 /* FrankAlertActionSheetView */ = {
			isa = PBXGroup;
			children = (
				016849351E9A88E900815F48 /* FrankAlertActionSheetView */,
				011E948F1E97D4F500FE6CE2 /* Demo */,
				011E94781E97D46D00FE6CE2 /* AppDelegate.h */,
				011E94791E97D46D00FE6CE2 /* AppDelegate.m */,
				011E947E1E97D46D00FE6CE2 /* Main.storyboard */,
				011E94811E97D46D00FE6CE2 /* Assets.xcassets */,
				011E94831E97D46D00FE6CE2 /* LaunchScreen.storyboard */,
				011E94861E97D46D00FE6CE2 /* Info.plist */,
				011E94751E97D46D00FE6CE2 /* Supporting Files */,
			);
			path = FrankAlertActionSheetView;
			sourceTree = "<group>";
		};
		011E94751E97D46D00FE6CE2 /* Supporting Files */ = {
			isa = PBXGroup;
			children = (
				011E94761E97D46D00FE6CE2 /* main.m */,
			);
			name = "Supporting Files";
			sourceTree = "<group>";
		};
		011E948F1E97D4F500FE6CE2 /* Demo */ = {
			isa = PBXGroup;
			children = (
				011E94901E97D4F500FE6CE2 /* ViewController.h */,
				011E94911E97D4F500FE6CE2 /* ViewController.m */,
			);
			path = Demo;
			sourceTree = "<group>";
		};
		016849351E9A88E900815F48 /* FrankAlertActionSheetView */ = {
			isa = PBXGroup;
			children = (
				016849361E9A88E900815F48 /* AlertController.h */,
				016849371E9A88E900815F48 /* AlertController.m */,
				016849381E9A88E900815F48 /* FrankAlertActionSheetView.h */,
				016849391E9A88E900815F48 /* FrankAlertActionSheetView.m */,
			);
			path = FrankAlertActionSheetView;
			sourceTree = "<group>";
		};
/* End PBXGroup section */

/* Begin PBXNativeTarget section */
		011E94711E97D46D00FE6CE2 /* FrankAlertActionSheetView */ = {
			isa = PBXNativeTarget;
			buildConfigurationList = 011E94891E97D46D00FE6CE2 /* Build configuration list for PBXNativeTarget "FrankAlertActionSheetView" */;
			buildPhases = (
				011E946E1E97D46D00FE6CE2 /* Sources */,
				011E946F1E97D46D00FE6CE2 /* Frameworks */,
				011E94701E97D46D00FE6CE2 /* Resources */,
			);
			buildRules = (
			);
			dependencies = (
			);
			name = FrankAlertActionSheetView;
			productName = FrankAlertActionSheetView;
			productReference = 011E94721E97D46D00FE6CE2 /* FrankAlertActionSheetView.app */;
			productType = "com.apple.product-type.application";
		};
/* End PBXNativeTarget section */

/* Begin PBXProject section */
		011E946A1E97D46D00FE6CE2 /* Project object */ = {
			isa = PBXProject;
			attributes = {
				LastUpgradeCheck = 0820;
				ORGANIZATIONNAME = Frank;
				TargetAttributes = {
					011E94711E97D46D00FE6CE2 = {
						CreatedOnToolsVersion = 8.2.1;
						ProvisioningStyle = Automatic;
					};
				};
			};
			buildConfigurationList = 011E946D1E97D46D00FE6CE2 /* Build configuration list for PBXProject "FrankAlertActionSheetView" */;
			compatibilityVersion = "Xcode 3.2";
			developmentRegion = English;
			hasScannedForEncodings = 0;
			knownRegions = (
				en,
				Base,
			);
			mainGroup = 011E94691E97D46D00FE6CE2;
			productRefGroup = 011E94731E97D46D00FE6CE2 /* Products */;
			projectDirPath = "";
			projectRoot = "";
			targets = (
				011E94711E97D46D00FE6CE2 /* FrankAlertActionSheetView */,
			);
		};
/* End PBXProject section */

/* Begin PBXResourcesBuildPhase section */
		011E94701E97D46D00FE6CE2 /* Resources */ = {
			isa = PBXResourcesBuildPhase;
			buildActionMask = 2147483647;
			files = (
				011E94851E97D46D00FE6CE2 /* LaunchScreen.storyboard in Resources */,
				011E94821E97D46D00FE6CE2 /* Assets.xcassets in Resources */,
				011E94801E97D46D00FE6CE2 /* Main.storyboard in Resources */,
			);
			runOnlyForDeploymentPostprocessing = 0;
		};
/* End PBXResourcesBuildPhase section */

/* Begin PBXSourcesBuildPhase section */
		011E946E1E97D46D00FE6CE2 /* Sources */ = {
			isa = PBXSourcesBuildPhase;
			buildActionMask = 2147483647;
			files = (
				0168493A1E9A88E900815F48 /* AlertController.m in Sources */,
				011E947A1E97D46D00FE6CE2 /* AppDelegate.m in Sources */,
				0168493B1E9A88E900815F48 /* FrankAlertActionSheetView.m in Sources */,
				011E94921E97D4F500FE6CE2 /* ViewController.m in Sources */,
				011E94771E97D46D00FE6CE2 /* main.m in Sources */,
			);
			runOnlyForDeploymentPostprocessing = 0;
		};
/* End PBXSourcesBuildPhase section */

/* Begin PBXVariantGroup section */
		011E947E1E97D46D00FE6CE2 /* Main.storyboard */ = {
			isa = PBXVariantGroup;
			children = (
				011E947F1E97D46D00FE6CE2 /* Base */,
			);
			name = Main.storyboard;
			sourceTree = "<group>";
		};
		011E94831E97D46D00FE6CE2 /* LaunchScreen.storyboard */ = {
			isa = PBXVariantGroup;
			children = (
				011E94841E97D46D00FE6CE2 /* Base */,
			);
			name = LaunchScreen.storyboard;
			sourceTree = "<group>";
		};
/* End PBXVariantGroup section */

/* Begin XCBuildConfiguration section */
		011E94871E97D46D00FE6CE2 /* Debug */ = {
			isa = XCBuildConfiguration;
			buildSettings = {
				ALWAYS_SEARCH_USER_PATHS = NO;
				CLANG_ANALYZER_NONNULL = YES;
				CLANG_CXX_LANGUAGE_STANDARD = "gnu++0x";
				CLANG_CXX_LIBRARY = "libc++";
				CLANG_ENABLE_MODULES = YES;
				CLANG_ENABLE_OBJC_ARC = YES;
				CLANG_WARN_BOOL_CONVERSION = YES;
				CLANG_WARN_CONSTANT_CONVERSION = YES;
				CLANG_WARN_DIRECT_OBJC_ISA_USAGE = YES_ERROR;
				CLANG_WARN_DOCUMENTATION_COMMENTS = YES;
				CLANG_WARN_EMPTY_BODY = YES;
				CLANG_WARN_ENUM_CONVERSION = YES;
				CLANG_WARN_INFINITE_RECURSION = YES;
				CLANG_WARN_INT_CONVERSION = YES;
				CLANG_WARN_OBJC_ROOT_CLASS = YES_ERROR;
				CLANG_WARN_SUSPICIOUS_MOVE = YES;
				CLANG_WARN_UNREACHABLE_CODE = YES;
				CLANG_WARN__DUPLICATE_METHOD_MATCH = YES;
				"CODE_SIGN_IDENTITY[sdk=iphoneos*]" = "iPhone Developer";
				COPY_PHASE_STRIP = NO;
				DEBUG_INFORMATION_FORMAT = dwarf;
				ENABLE_STRICT_OBJC_MSGSEND = YES;
				ENABLE_TESTABILITY = YES;
				GCC_C_LANGUAGE_STANDARD = gnu99;
				GCC_DYNAMIC_NO_PIC = NO;
				GCC_NO_COMMON_BLOCKS = YES;
				GCC_OPTIMIZATION_LEVEL = 0;
				GCC_PREPROCESSOR_DEFINITIONS = (
					"DEBUG=1",
					"$(inherited)",
				);
				GCC_WARN_64_TO_32_BIT_CONVERSION = YES;
				GCC_WARN_ABOUT_RETURN_TYPE = YES_ERROR;
				GCC_WARN_UNDECLARED_SELECTOR = YES;
				GCC_WARN_UNINITIALIZED_AUTOS = YES_AGGRESSIVE;
				GCC_WARN_UNUSED_FUNCTION = YES;
				GCC_WARN_UNUSED_VARIABLE = YES;
				IPHONEOS_DEPLOYMENT_TARGET = 10.2;
				MTL_ENABLE_DEBUG_INFO = YES;
				ONLY_ACTIVE_ARCH = YES;
				SDKROOT = iphoneos;
				TARGETED_DEVICE_FAMILY = "1,2";
			};
			name = Debug;
		};
		011E94881E97D46D00FE6CE2 /* Release */ = {
			isa = XCBuildConfiguration;
			buildSettings = {
				ALWAYS_SEARCH_USER_PATHS = NO;
				CLANG_ANALYZER_NONNULL = YES;
				CLANG_CXX_LANGUAGE_STANDARD = "gnu++0x";
				CLANG_CXX_LIBRARY = "libc++";
				CLANG_ENABLE_MODULES = YES;
				CLANG_ENABLE_OBJC_ARC = YES;
				CLANG_WARN_BOOL_CONVERSION = YES;
				CLANG_WARN_CONSTANT_CONVERSION = YES;
				CLANG_WARN_DIRECT_OBJC_ISA_USAGE = YES_ERROR;
				CLANG_WARN_DOCUMENTATION_COMMENTS = YES;
				CLANG_WARN_EMPTY_BODY = YES;
				CLANG_WARN_ENUM_CONVERSION = YES;
				CLANG_WARN_INFINITE_RECURSION = YES;
				CLANG_WARN_INT_CONVERSION = YES;
				CLANG_WARN_OBJC_ROOT_CLASS = YES_ERROR;
				CLANG_WARN_SUSPICIOUS_MOVE = YES;
				CLANG_WARN_UNREACHABLE_CODE = YES;
				CLANG_WARN__DUPLICATE_METHOD_MATCH = YES;
				"CODE_SIGN_IDENTITY[sdk=iphoneos*]" = "iPhone Developer";
				COPY_PHASE_STRIP = NO;
				DEBUG_INFORMATION_FORMAT = "dwarf-with-dsym";
				ENABLE_NS_ASSERTIONS = NO;
				ENABLE_STRICT_OBJC_MSGSEND = YES;
				GCC_C_LANGUAGE_STANDARD = gnu99;
				GCC_NO_COMMON_BLOCKS = YES;
				GCC_WARN_64_TO_32_BIT_CONVERSION = YES;
				GCC_WARN_ABOUT_RETURN_TYPE = YES_ERROR;
				GCC_WARN_UNDECLARED_SELECTOR = YES;
				GCC_WARN_UNINITIALIZED_AUTOS = YES_AGGRESSIVE;
				GCC_WARN_UNUSED_FUNCTION = YES;
				GCC_WARN_UNUSED_VARIABLE = YES;
				IPHONEOS_DEPLOYMENT_TARGET = 10.2;
				MTL_ENABLE_DEBUG_INFO = NO;
				SDKROOT = iphoneos;
				TARGETED_DEVICE_FAMILY = "1,2";
				VALIDATE_PRODUCT = YES;
			};
			name = Release;
		};
		011E948A1E97D46D00FE6CE2 /* Debug */ = {
			isa = XCBuildConfiguration;
			buildSettings = {
				ASSETCATALOG_COMPILER_APPICON_NAME = AppIcon;
				INFOPLIST_FILE = FrankAlertActionSheetView/Info.plist;
				LD_RUNPATH_SEARCH_PATHS = "$(inherited) @executable_path/Frameworks";
				PRODUCT_BUNDLE_IDENTIFIER = com.Frank.FrankAlertActionSheetView;
				PRODUCT_NAME = "$(TARGET_NAME)";
			};
			name = Debug;
		};
		011E948B1E97D46D00FE6CE2 /* Release */ = {
			isa = XCBuildConfiguration;
			buildSettings = {
				ASSETCATALOG_COMPILER_APPICON_NAME = AppIcon;
				INFOPLIST_FILE = FrankAlertActionSheetView/Info.plist;
				LD_RUNPATH_SEARCH_PATHS = "$(inherited) @executable_path/Frameworks";
				PRODUCT_BUNDLE_IDENTIFIER = com.Frank.FrankAlertActionSheetView;
				PRODUCT_NAME = "$(TARGET_NAME)";
			};
			name = Release;
		};
/* End XCBuildConfiguration section */

/* Begin XCConfigurationList section */
		011E946D1E97D46D00FE6CE2 /* Build configuration list for PBXProject "FrankAlertActionSheetView" */ = {
			isa = XCConfigurationList;
			buildConfigurations = (
				011E94871E97D46D00FE6CE2 /* Debug */,
				011E94881E97D46D00FE6CE2 /* Release */,
			);
			defaultConfigurationIsVisible = 0;
			defaultConfigurationName = Release;
		};
		011E94891E97D46D00FE6CE2 /* Build configuration list for PBXNativeTarget "FrankAlertActionSheetView" */ = {
			isa = XCConfigurationList;
			buildConfigurations = (
				011E948A1E97D46D00FE6CE2 /* Debug */,
				011E948B1E97D46D00FE6CE2 /* Release */,
			);
			defaultConfigurationIsVisible = 0;
			defaultConfigurationName = Release;
		};
/* End XCConfigurationList section */
	};
	rootObject = 011E946A1E97D46D00FE6CE2 /* Project object */;
}
